
Microsoft Visual Studio Solution File, Format Version 12.00
# Visual Studio Version 16
VisualStudioVersion = 16.0.29920.165
MinimumVisualStudioVersion = 10.0.40219.1
Project("{FAE04EC0-301F-11D3-BF4B-00C04F79EFBC}") = "Custom Doubly Linked List", "Custom Doubly Linked List\Custom Doubly Linked List.csproj", "{61CF8705-75C7-4191-8337-87639D0A7C97}"
EndProject
Global
	GlobalSection(SolutionConfigurationPlatforms) = preSolution
		Debug|Any CPU = Debug|Any CPU
		Release|Any CPU = Release|Any CPU
	EndGlobalSection
	GlobalSection(ProjectConfigurationPlatforms) = postSolution
		{61CF8705-75C7-4191-8337-87639D0A7C97}.Debug|Any CPU.ActiveCfg = Debug|Any CPU
		{61CF8705-75C7-4191-8337-87639D0A7C97}.Debug|Any CPU.Build.0 = Debug|Any CPU
		{61CF8705-75C7-4191-8337-87639D0A7C97}.Release|Any CPU.ActiveCfg = Release|Any CPU
		{61CF8705-75C7-4191-8337-87639D0A7C97}.Release|Any CPU.Build.0 = Release|Any CPU
	EndGlobalSection
	GlobalSection(SolutionProperties) = preSolution
		HideSolutionNode = FALSE
	EndGlobalSection
	GlobalSection(ExtensibilityGlobals) = postSolution
		SolutionGuid = {4D24B7B4-2708-41F9-8CEC-47172B60E55E}
	EndGlobalSection
EndGlobal
