
Microsoft Visual Studio Solution File, Format Version 12.00
# Visual Studio Version 16
VisualStudioVersion = 16.0.29920.165
MinimumVisualStudioVersion = 10.0.40219.1
Project("{9A19103F-16F7-4668-BE54-9A1E7A4F7556}") = "01Two Minutes to Midnight", "Two Minutes to Midnight\01Two Minutes to Midnight.csproj", "{0A49613D-D54D-46AB-80D1-E4F958C64FA9}"
EndProject
Project("{FAE04EC0-301F-11D3-BF4B-00C04F79EFBC}") = "02Time Problem", "02Time Problem\02Time Problem.csproj", "{95968274-A7E9-4B0A-921F-29D2DF9DC5E3}"
EndProject
Project("{FAE04EC0-301F-11D3-BF4B-00C04F79EFBC}") = "03The Story Telling", "03The Story Telling\03The Story Telling.csproj", "{550EB48B-F590-46A8-BC16-13163C938D14}"
EndProject
Global
	GlobalSection(SolutionConfigurationPlatforms) = preSolution
		Debug|Any CPU = Debug|Any CPU
		Release|Any CPU = Release|Any CPU
	EndGlobalSection
	GlobalSection(ProjectConfigurationPlatforms) = postSolution
		{0A49613D-D54D-46AB-80D1-E4F958C64FA9}.Debug|Any CPU.ActiveCfg = Debug|Any CPU
		{0A49613D-D54D-46AB-80D1-E4F958C64FA9}.Debug|Any CPU.Build.0 = Debug|Any CPU
		{0A49613D-D54D-46AB-80D1-E4F958C64FA9}.Release|Any CPU.ActiveCfg = Release|Any CPU
		{0A49613D-D54D-46AB-80D1-E4F958C64FA9}.Release|Any CPU.Build.0 = Release|Any CPU
		{95968274-A7E9-4B0A-921F-29D2DF9DC5E3}.Debug|Any CPU.ActiveCfg = Debug|Any CPU
		{95968274-A7E9-4B0A-921F-29D2DF9DC5E3}.Debug|Any CPU.Build.0 = Debug|Any CPU
		{95968274-A7E9-4B0A-921F-29D2DF9DC5E3}.Release|Any CPU.ActiveCfg = Release|Any CPU
		{95968274-A7E9-4B0A-921F-29D2DF9DC5E3}.Release|Any CPU.Build.0 = Release|Any CPU
		{550EB48B-F590-46A8-BC16-13163C938D14}.Debug|Any CPU.ActiveCfg = Debug|Any CPU
		{550EB48B-F590-46A8-BC16-13163C938D14}.Debug|Any CPU.Build.0 = Debug|Any CPU
		{550EB48B-F590-46A8-BC16-13163C938D14}.Release|Any CPU.ActiveCfg = Release|Any CPU
		{550EB48B-F590-46A8-BC16-13163C938D14}.Release|Any CPU.Build.0 = Release|Any CPU
	EndGlobalSection
	GlobalSection(SolutionProperties) = preSolution
		HideSolutionNode = FALSE
	EndGlobalSection
	GlobalSection(ExtensibilityGlobals) = postSolution
		SolutionGuid = {A7C2B580-D3C4-4984-B952-349C72884B1A}
	EndGlobalSection
EndGlobal
