
Microsoft Visual Studio Solution File, Format Version 12.00
# Visual Studio Version 16
VisualStudioVersion = 16.0.29920.165
MinimumVisualStudioVersion = 10.0.40219.1
Project("{9A19103F-16F7-4668-BE54-9A1E7A4F7556}") = "01BinarySearch", "01BinarySearch\01BinarySearch.csproj", "{E93620E7-8150-4848-B7BD-D9C3BECA93EC}"
EndProject
Project("{9A19103F-16F7-4668-BE54-9A1E7A4F7556}") = "02SelectionSort", "02SelectionSort\02SelectionSort.csproj", "{AB214DC5-2B42-4DFE-9482-AB9C2418AF60}"
EndProject
Project("{9A19103F-16F7-4668-BE54-9A1E7A4F7556}") = "04.InsertionSort", "InsertionSort\04.InsertionSort.csproj", "{B0A3E14D-215D-4567-941F-FF982BA4A240}"
EndProject
Project("{9A19103F-16F7-4668-BE54-9A1E7A4F7556}") = "03Bubble Sort", "03Bubble Sort\03Bubble Sort.csproj", "{2529C9D7-BDC5-4945-8E60-878F0E248D39}"
EndProject
Project("{9A19103F-16F7-4668-BE54-9A1E7A4F7556}") = "05QuickSort", "05QuickSort\05QuickSort.csproj", "{6A09B85E-B4AF-493E-B726-3E372D71FEA4}"
EndProject
Project("{9A19103F-16F7-4668-BE54-9A1E7A4F7556}") = "06Merge Sort", "06Merge Sort\06Merge Sort.csproj", "{ADE6C677-DA31-4505-8D7E-35EC8AFA3B95}"
EndProject
Project("{FAE04EC0-301F-11D3-BF4B-00C04F79EFBC}") = "07Sum of Coins", "07Sum of Coins\07Sum of Coins.csproj", "{8DAE757C-128C-4C53-8D5F-C9586B334A38}"
EndProject
Project("{FAE04EC0-301F-11D3-BF4B-00C04F79EFBC}") = "07Set Cover", "07Set Cover\07Set Cover.csproj", "{9F87913C-AB38-4713-9CF9-2CAD4DBE3D2D}"
EndProject
Global
	GlobalSection(SolutionConfigurationPlatforms) = preSolution
		Debug|Any CPU = Debug|Any CPU
		Release|Any CPU = Release|Any CPU
	EndGlobalSection
	GlobalSection(ProjectConfigurationPlatforms) = postSolution
		{E93620E7-8150-4848-B7BD-D9C3BECA93EC}.Debug|Any CPU.ActiveCfg = Debug|Any CPU
		{E93620E7-8150-4848-B7BD-D9C3BECA93EC}.Debug|Any CPU.Build.0 = Debug|Any CPU
		{E93620E7-8150-4848-B7BD-D9C3BECA93EC}.Release|Any CPU.ActiveCfg = Release|Any CPU
		{E93620E7-8150-4848-B7BD-D9C3BECA93EC}.Release|Any CPU.Build.0 = Release|Any CPU
		{AB214DC5-2B42-4DFE-9482-AB9C2418AF60}.Debug|Any CPU.ActiveCfg = Debug|Any CPU
		{AB214DC5-2B42-4DFE-9482-AB9C2418AF60}.Debug|Any CPU.Build.0 = Debug|Any CPU
		{AB214DC5-2B42-4DFE-9482-AB9C2418AF60}.Release|Any CPU.ActiveCfg = Release|Any CPU
		{AB214DC5-2B42-4DFE-9482-AB9C2418AF60}.Release|Any CPU.Build.0 = Release|Any CPU
		{B0A3E14D-215D-4567-941F-FF982BA4A240}.Debug|Any CPU.ActiveCfg = Debug|Any CPU
		{B0A3E14D-215D-4567-941F-FF982BA4A240}.Debug|Any CPU.Build.0 = Debug|Any CPU
		{B0A3E14D-215D-4567-941F-FF982BA4A240}.Release|Any CPU.ActiveCfg = Release|Any CPU
		{B0A3E14D-215D-4567-941F-FF982BA4A240}.Release|Any CPU.Build.0 = Release|Any CPU
		{2529C9D7-BDC5-4945-8E60-878F0E248D39}.Debug|Any CPU.ActiveCfg = Debug|Any CPU
		{2529C9D7-BDC5-4945-8E60-878F0E248D39}.Debug|Any CPU.Build.0 = Debug|Any CPU
		{2529C9D7-BDC5-4945-8E60-878F0E248D39}.Release|Any CPU.ActiveCfg = Release|Any CPU
		{2529C9D7-BDC5-4945-8E60-878F0E248D39}.Release|Any CPU.Build.0 = Release|Any CPU
		{6A09B85E-B4AF-493E-B726-3E372D71FEA4}.Debug|Any CPU.ActiveCfg = Debug|Any CPU
		{6A09B85E-B4AF-493E-B726-3E372D71FEA4}.Debug|Any CPU.Build.0 = Debug|Any CPU
		{6A09B85E-B4AF-493E-B726-3E372D71FEA4}.Release|Any CPU.ActiveCfg = Release|Any CPU
		{6A09B85E-B4AF-493E-B726-3E372D71FEA4}.Release|Any CPU.Build.0 = Release|Any CPU
		{ADE6C677-DA31-4505-8D7E-35EC8AFA3B95}.Debug|Any CPU.ActiveCfg = Debug|Any CPU
		{ADE6C677-DA31-4505-8D7E-35EC8AFA3B95}.Debug|Any CPU.Build.0 = Debug|Any CPU
		{ADE6C677-DA31-4505-8D7E-35EC8AFA3B95}.Release|Any CPU.ActiveCfg = Release|Any CPU
		{ADE6C677-DA31-4505-8D7E-35EC8AFA3B95}.Release|Any CPU.Build.0 = Release|Any CPU
		{8DAE757C-128C-4C53-8D5F-C9586B334A38}.Debug|Any CPU.ActiveCfg = Debug|Any CPU
		{8DAE757C-128C-4C53-8D5F-C9586B334A38}.Debug|Any CPU.Build.0 = Debug|Any CPU
		{8DAE757C-128C-4C53-8D5F-C9586B334A38}.Release|Any CPU.ActiveCfg = Release|Any CPU
		{8DAE757C-128C-4C53-8D5F-C9586B334A38}.Release|Any CPU.Build.0 = Release|Any CPU
		{9F87913C-AB38-4713-9CF9-2CAD4DBE3D2D}.Debug|Any CPU.ActiveCfg = Debug|Any CPU
		{9F87913C-AB38-4713-9CF9-2CAD4DBE3D2D}.Debug|Any CPU.Build.0 = Debug|Any CPU
		{9F87913C-AB38-4713-9CF9-2CAD4DBE3D2D}.Release|Any CPU.ActiveCfg = Release|Any CPU
		{9F87913C-AB38-4713-9CF9-2CAD4DBE3D2D}.Release|Any CPU.Build.0 = Release|Any CPU
	EndGlobalSection
	GlobalSection(SolutionProperties) = preSolution
		HideSolutionNode = FALSE
	EndGlobalSection
	GlobalSection(ExtensibilityGlobals) = postSolution
		SolutionGuid = {43B39964-6CEC-44FF-8193-94CD38330C39}
	EndGlobalSection
EndGlobal
