
Microsoft Visual Studio Solution File, Format Version 12.00
# Visual Studio Version 16
VisualStudioVersion = 16.0.29920.165
MinimumVisualStudioVersion = 10.0.40219.1
Project("{9A19103F-16F7-4668-BE54-9A1E7A4F7556}") = "01Binom Coeff", "01Binom Coeff\01Binom Coeff.csproj", "{D4533653-0913-44BA-89B1-C56C464E21C6}"
EndProject
Project("{9A19103F-16F7-4668-BE54-9A1E7A4F7556}") = "02Dividing Presents", "02Dividing Presents\02Dividing Presents.csproj", "{15AE027D-FC71-4CB7-8020-E645A124C233}"
EndProject
Project("{9A19103F-16F7-4668-BE54-9A1E7A4F7556}") = "03Sum With Unlimited Coins", "03SumWithUnlimitedCoins\03Sum With Unlimited Coins.csproj", "{839C6C2A-063E-492A-B669-1AFB56BED6CC}"
EndProject
Project("{9A19103F-16F7-4668-BE54-9A1E7A4F7556}") = "04Sum With Limited Coins", "04Sum With Limited Coins\04Sum With Limited Coins.csproj", "{E6C89F0D-5222-4EA9-BA94-B834AB91C883}"
EndProject
Project("{9A19103F-16F7-4668-BE54-9A1E7A4F7556}") = "05Word Differences", "05Word Differences\05Word Differences.csproj", "{97B72FA7-2669-43B3-9E9B-0423D7111643}"
EndProject
Project("{FAE04EC0-301F-11D3-BF4B-00C04F79EFBC}") = "06Connecting Cables", "06Connecting Cables\06Connecting Cables.csproj", "{F22621BF-0949-4E7E-A8BA-9AC3000C8BF8}"
EndProject
Global
	GlobalSection(SolutionConfigurationPlatforms) = preSolution
		Debug|Any CPU = Debug|Any CPU
		Release|Any CPU = Release|Any CPU
	EndGlobalSection
	GlobalSection(ProjectConfigurationPlatforms) = postSolution
		{D4533653-0913-44BA-89B1-C56C464E21C6}.Debug|Any CPU.ActiveCfg = Debug|Any CPU
		{D4533653-0913-44BA-89B1-C56C464E21C6}.Debug|Any CPU.Build.0 = Debug|Any CPU
		{D4533653-0913-44BA-89B1-C56C464E21C6}.Release|Any CPU.ActiveCfg = Release|Any CPU
		{D4533653-0913-44BA-89B1-C56C464E21C6}.Release|Any CPU.Build.0 = Release|Any CPU
		{15AE027D-FC71-4CB7-8020-E645A124C233}.Debug|Any CPU.ActiveCfg = Debug|Any CPU
		{15AE027D-FC71-4CB7-8020-E645A124C233}.Debug|Any CPU.Build.0 = Debug|Any CPU
		{15AE027D-FC71-4CB7-8020-E645A124C233}.Release|Any CPU.ActiveCfg = Release|Any CPU
		{15AE027D-FC71-4CB7-8020-E645A124C233}.Release|Any CPU.Build.0 = Release|Any CPU
		{839C6C2A-063E-492A-B669-1AFB56BED6CC}.Debug|Any CPU.ActiveCfg = Debug|Any CPU
		{839C6C2A-063E-492A-B669-1AFB56BED6CC}.Debug|Any CPU.Build.0 = Debug|Any CPU
		{839C6C2A-063E-492A-B669-1AFB56BED6CC}.Release|Any CPU.ActiveCfg = Release|Any CPU
		{839C6C2A-063E-492A-B669-1AFB56BED6CC}.Release|Any CPU.Build.0 = Release|Any CPU
		{E6C89F0D-5222-4EA9-BA94-B834AB91C883}.Debug|Any CPU.ActiveCfg = Debug|Any CPU
		{E6C89F0D-5222-4EA9-BA94-B834AB91C883}.Debug|Any CPU.Build.0 = Debug|Any CPU
		{E6C89F0D-5222-4EA9-BA94-B834AB91C883}.Release|Any CPU.ActiveCfg = Release|Any CPU
		{E6C89F0D-5222-4EA9-BA94-B834AB91C883}.Release|Any CPU.Build.0 = Release|Any CPU
		{97B72FA7-2669-43B3-9E9B-0423D7111643}.Debug|Any CPU.ActiveCfg = Debug|Any CPU
		{97B72FA7-2669-43B3-9E9B-0423D7111643}.Debug|Any CPU.Build.0 = Debug|Any CPU
		{97B72FA7-2669-43B3-9E9B-0423D7111643}.Release|Any CPU.ActiveCfg = Release|Any CPU
		{97B72FA7-2669-43B3-9E9B-0423D7111643}.Release|Any CPU.Build.0 = Release|Any CPU
		{F22621BF-0949-4E7E-A8BA-9AC3000C8BF8}.Debug|Any CPU.ActiveCfg = Debug|Any CPU
		{F22621BF-0949-4E7E-A8BA-9AC3000C8BF8}.Debug|Any CPU.Build.0 = Debug|Any CPU
		{F22621BF-0949-4E7E-A8BA-9AC3000C8BF8}.Release|Any CPU.ActiveCfg = Release|Any CPU
		{F22621BF-0949-4E7E-A8BA-9AC3000C8BF8}.Release|Any CPU.Build.0 = Release|Any CPU
	EndGlobalSection
	GlobalSection(SolutionProperties) = preSolution
		HideSolutionNode = FALSE
	EndGlobalSection
	GlobalSection(ExtensibilityGlobals) = postSolution
		SolutionGuid = {D689B4FA-D54C-4AA3-B567-C72C2CE1F922}
	EndGlobalSection
EndGlobal
