
Microsoft Visual Studio Solution File, Format Version 12.00
# Visual Studio Version 16
VisualStudioVersion = 16.0.29920.165
MinimumVisualStudioVersion = 10.0.40219.1
Project("{9A19103F-16F7-4668-BE54-9A1E7A4F7556}") = "01PermutationsWithoutRepetitions", "01PermutationsWithoutRepetitions\01PermutationsWithoutRepetitions.csproj", "{EA196C2E-B959-4C11-96EA-8850A8463B13}"
EndProject
Project("{9A19103F-16F7-4668-BE54-9A1E7A4F7556}") = "02PermutationsWithRepetitions", "02PermutationsWithRepetitions\02PermutationsWithRepetitions.csproj", "{7A31BADE-BC5C-4A09-B463-0EC4A6E76067}"
EndProject
Project("{FAE04EC0-301F-11D3-BF4B-00C04F79EFBC}") = "03VariationsWithoutRepetitions", "03VariationsWithoutRepetitions\03VariationsWithoutRepetitions.csproj", "{D8425C38-137C-4300-BA32-6A72616EE9B3}"
EndProject
Project("{FAE04EC0-301F-11D3-BF4B-00C04F79EFBC}") = "04VariationsWithRepetition", "04VariationsWithRepetition\04VariationsWithRepetition.csproj", "{1C58E9FC-3B1A-4B38-BDC6-EAA852C4E8C4}"
EndProject
Project("{FAE04EC0-301F-11D3-BF4B-00C04F79EFBC}") = "05CombinationsWithoutRepetition", "05CombinationsWithoutRepetition\05CombinationsWithoutRepetition.csproj", "{F538191A-DD01-4E05-AB3F-BD712DCC587F}"
EndProject
Project("{FAE04EC0-301F-11D3-BF4B-00C04F79EFBC}") = "06CombinationsWithRepetition", "06CombinationsWithRepetition\06CombinationsWithRepetition.csproj", "{19471EF7-4549-422A-B4BF-153237EFE301}"
EndProject
Project("{FAE04EC0-301F-11D3-BF4B-00C04F79EFBC}") = "07NChooseKCount", "07NChooseKCount\07NChooseKCount.csproj", "{E0847627-53CC-4C31-AAC1-B4D3E09DF1E7}"
EndProject
Global
	GlobalSection(SolutionConfigurationPlatforms) = preSolution
		Debug|Any CPU = Debug|Any CPU
		Release|Any CPU = Release|Any CPU
	EndGlobalSection
	GlobalSection(ProjectConfigurationPlatforms) = postSolution
		{EA196C2E-B959-4C11-96EA-8850A8463B13}.Debug|Any CPU.ActiveCfg = Debug|Any CPU
		{EA196C2E-B959-4C11-96EA-8850A8463B13}.Debug|Any CPU.Build.0 = Debug|Any CPU
		{EA196C2E-B959-4C11-96EA-8850A8463B13}.Release|Any CPU.ActiveCfg = Release|Any CPU
		{EA196C2E-B959-4C11-96EA-8850A8463B13}.Release|Any CPU.Build.0 = Release|Any CPU
		{7A31BADE-BC5C-4A09-B463-0EC4A6E76067}.Debug|Any CPU.ActiveCfg = Debug|Any CPU
		{7A31BADE-BC5C-4A09-B463-0EC4A6E76067}.Debug|Any CPU.Build.0 = Debug|Any CPU
		{7A31BADE-BC5C-4A09-B463-0EC4A6E76067}.Release|Any CPU.ActiveCfg = Release|Any CPU
		{7A31BADE-BC5C-4A09-B463-0EC4A6E76067}.Release|Any CPU.Build.0 = Release|Any CPU
		{D8425C38-137C-4300-BA32-6A72616EE9B3}.Debug|Any CPU.ActiveCfg = Debug|Any CPU
		{D8425C38-137C-4300-BA32-6A72616EE9B3}.Debug|Any CPU.Build.0 = Debug|Any CPU
		{D8425C38-137C-4300-BA32-6A72616EE9B3}.Release|Any CPU.ActiveCfg = Release|Any CPU
		{D8425C38-137C-4300-BA32-6A72616EE9B3}.Release|Any CPU.Build.0 = Release|Any CPU
		{1C58E9FC-3B1A-4B38-BDC6-EAA852C4E8C4}.Debug|Any CPU.ActiveCfg = Debug|Any CPU
		{1C58E9FC-3B1A-4B38-BDC6-EAA852C4E8C4}.Debug|Any CPU.Build.0 = Debug|Any CPU
		{1C58E9FC-3B1A-4B38-BDC6-EAA852C4E8C4}.Release|Any CPU.ActiveCfg = Release|Any CPU
		{1C58E9FC-3B1A-4B38-BDC6-EAA852C4E8C4}.Release|Any CPU.Build.0 = Release|Any CPU
		{F538191A-DD01-4E05-AB3F-BD712DCC587F}.Debug|Any CPU.ActiveCfg = Debug|Any CPU
		{F538191A-DD01-4E05-AB3F-BD712DCC587F}.Debug|Any CPU.Build.0 = Debug|Any CPU
		{F538191A-DD01-4E05-AB3F-BD712DCC587F}.Release|Any CPU.ActiveCfg = Release|Any CPU
		{F538191A-DD01-4E05-AB3F-BD712DCC587F}.Release|Any CPU.Build.0 = Release|Any CPU
		{19471EF7-4549-422A-B4BF-153237EFE301}.Debug|Any CPU.ActiveCfg = Debug|Any CPU
		{19471EF7-4549-422A-B4BF-153237EFE301}.Debug|Any CPU.Build.0 = Debug|Any CPU
		{19471EF7-4549-422A-B4BF-153237EFE301}.Release|Any CPU.ActiveCfg = Release|Any CPU
		{19471EF7-4549-422A-B4BF-153237EFE301}.Release|Any CPU.Build.0 = Release|Any CPU
		{E0847627-53CC-4C31-AAC1-B4D3E09DF1E7}.Debug|Any CPU.ActiveCfg = Debug|Any CPU
		{E0847627-53CC-4C31-AAC1-B4D3E09DF1E7}.Debug|Any CPU.Build.0 = Debug|Any CPU
		{E0847627-53CC-4C31-AAC1-B4D3E09DF1E7}.Release|Any CPU.ActiveCfg = Release|Any CPU
		{E0847627-53CC-4C31-AAC1-B4D3E09DF1E7}.Release|Any CPU.Build.0 = Release|Any CPU
	EndGlobalSection
	GlobalSection(SolutionProperties) = preSolution
		HideSolutionNode = FALSE
	EndGlobalSection
	GlobalSection(ExtensibilityGlobals) = postSolution
		SolutionGuid = {7228E717-703B-405A-A86F-664024C3CF13}
	EndGlobalSection
EndGlobal
