
Microsoft Visual Studio Solution File, Format Version 12.00
# Visual Studio Version 16
VisualStudioVersion = 16.0.29920.165
MinimumVisualStudioVersion = 10.0.40219.1
Project("{9A19103F-16F7-4668-BE54-9A1E7A4F7556}") = "01RecursiveArraySum", "01RecursiveArraySum\01RecursiveArraySum.csproj", "{73BC1A6A-9537-439A-85B0-6A2C0EF3F6BB}"
EndProject
Project("{9A19103F-16F7-4668-BE54-9A1E7A4F7556}") = "02RecursiveDrawing", "02RecursiveDrawing\02RecursiveDrawing.csproj", "{A1CF484F-7682-4767-B504-35BB5D7392FF}"
EndProject
Project("{9A19103F-16F7-4668-BE54-9A1E7A4F7556}") = "03Generating0-1Vectors", "03Generating0-1Vectors\03Generating0-1Vectors.csproj", "{2F02C9F2-3F9A-464A-BBB1-E7B725A71498}"
EndProject
Project("{9A19103F-16F7-4668-BE54-9A1E7A4F7556}") = "04RecursiveFactorial", "04RecursiveFactorial\04RecursiveFactorial.csproj", "{9AC5435C-7FE8-4911-A94B-FA38115E2391}"
EndProject
Project("{9A19103F-16F7-4668-BE54-9A1E7A4F7556}") = "05FindAllPathsInALabyrinth", "05FindAllPathsInALabyrinth\05FindAllPathsInALabyrinth.csproj", "{167E07EF-C85E-4FC6-B08C-A39690C6589B}"
EndProject
Project("{FAE04EC0-301F-11D3-BF4B-00C04F79EFBC}") = "06QueensPuzzle", "06QueensPuzzle\06QueensPuzzle.csproj", "{69810F6A-0CF7-420A-B108-B5C6BE93A922}"
EndProject
Project("{FAE04EC0-301F-11D3-BF4B-00C04F79EFBC}") = "07RecursiveFibonacci", "07RecursiveFibonacci\07RecursiveFibonacci.csproj", "{50C8D74E-B415-4F53-9429-3BC41EA5FEC4}"
EndProject
Global
	GlobalSection(SolutionConfigurationPlatforms) = preSolution
		Debug|Any CPU = Debug|Any CPU
		Release|Any CPU = Release|Any CPU
	EndGlobalSection
	GlobalSection(ProjectConfigurationPlatforms) = postSolution
		{73BC1A6A-9537-439A-85B0-6A2C0EF3F6BB}.Debug|Any CPU.ActiveCfg = Debug|Any CPU
		{73BC1A6A-9537-439A-85B0-6A2C0EF3F6BB}.Debug|Any CPU.Build.0 = Debug|Any CPU
		{73BC1A6A-9537-439A-85B0-6A2C0EF3F6BB}.Release|Any CPU.ActiveCfg = Release|Any CPU
		{73BC1A6A-9537-439A-85B0-6A2C0EF3F6BB}.Release|Any CPU.Build.0 = Release|Any CPU
		{A1CF484F-7682-4767-B504-35BB5D7392FF}.Debug|Any CPU.ActiveCfg = Debug|Any CPU
		{A1CF484F-7682-4767-B504-35BB5D7392FF}.Debug|Any CPU.Build.0 = Debug|Any CPU
		{A1CF484F-7682-4767-B504-35BB5D7392FF}.Release|Any CPU.ActiveCfg = Release|Any CPU
		{A1CF484F-7682-4767-B504-35BB5D7392FF}.Release|Any CPU.Build.0 = Release|Any CPU
		{2F02C9F2-3F9A-464A-BBB1-E7B725A71498}.Debug|Any CPU.ActiveCfg = Debug|Any CPU
		{2F02C9F2-3F9A-464A-BBB1-E7B725A71498}.Debug|Any CPU.Build.0 = Debug|Any CPU
		{2F02C9F2-3F9A-464A-BBB1-E7B725A71498}.Release|Any CPU.ActiveCfg = Release|Any CPU
		{2F02C9F2-3F9A-464A-BBB1-E7B725A71498}.Release|Any CPU.Build.0 = Release|Any CPU
		{9AC5435C-7FE8-4911-A94B-FA38115E2391}.Debug|Any CPU.ActiveCfg = Debug|Any CPU
		{9AC5435C-7FE8-4911-A94B-FA38115E2391}.Debug|Any CPU.Build.0 = Debug|Any CPU
		{9AC5435C-7FE8-4911-A94B-FA38115E2391}.Release|Any CPU.ActiveCfg = Release|Any CPU
		{9AC5435C-7FE8-4911-A94B-FA38115E2391}.Release|Any CPU.Build.0 = Release|Any CPU
		{167E07EF-C85E-4FC6-B08C-A39690C6589B}.Debug|Any CPU.ActiveCfg = Debug|Any CPU
		{167E07EF-C85E-4FC6-B08C-A39690C6589B}.Debug|Any CPU.Build.0 = Debug|Any CPU
		{167E07EF-C85E-4FC6-B08C-A39690C6589B}.Release|Any CPU.ActiveCfg = Release|Any CPU
		{167E07EF-C85E-4FC6-B08C-A39690C6589B}.Release|Any CPU.Build.0 = Release|Any CPU
		{69810F6A-0CF7-420A-B108-B5C6BE93A922}.Debug|Any CPU.ActiveCfg = Debug|Any CPU
		{69810F6A-0CF7-420A-B108-B5C6BE93A922}.Debug|Any CPU.Build.0 = Debug|Any CPU
		{69810F6A-0CF7-420A-B108-B5C6BE93A922}.Release|Any CPU.ActiveCfg = Release|Any CPU
		{69810F6A-0CF7-420A-B108-B5C6BE93A922}.Release|Any CPU.Build.0 = Release|Any CPU
		{50C8D74E-B415-4F53-9429-3BC41EA5FEC4}.Debug|Any CPU.ActiveCfg = Debug|Any CPU
		{50C8D74E-B415-4F53-9429-3BC41EA5FEC4}.Debug|Any CPU.Build.0 = Debug|Any CPU
		{50C8D74E-B415-4F53-9429-3BC41EA5FEC4}.Release|Any CPU.ActiveCfg = Release|Any CPU
		{50C8D74E-B415-4F53-9429-3BC41EA5FEC4}.Release|Any CPU.Build.0 = Release|Any CPU
	EndGlobalSection
	GlobalSection(SolutionProperties) = preSolution
		HideSolutionNode = FALSE
	EndGlobalSection
	GlobalSection(ExtensibilityGlobals) = postSolution
		SolutionGuid = {544BD06E-EBA2-456C-A29B-2247CFDB5278}
	EndGlobalSection
EndGlobal
